// !$*UTF8*$!
{
	archiveVersion = 1;
	classes = {
	};
	objectVersion = 46;
	objects = {

/* Begin PBXBuildFile section */
		D428737D1AFCDE8C008062C1 /* AppDelegate.swift in Sources */ = {isa = PBXBuildFile; fileRef = D428737C1AFCDE8C008062C1 /* AppDelegate.swift */; };
		D42873801AFCDE8C008062C1 /* PalmRunner.xcdatamodeld in Sources */ = {isa = PBXBuildFile; fileRef = D428737E1AFCDE8C008062C1 /* PalmRunner.xcdatamodeld */; };
		D42873841AFCDE8C008062C1 /* DetailViewController.swift in Sources */ = {isa = PBXBuildFile; fileRef = D42873831AFCDE8C008062C1 /* DetailViewController.swift */; };
		D42873871AFCDE8C008062C1 /* Main.storyboard in Resources */ = {isa = PBXBuildFile; fileRef = D42873851AFCDE8C008062C1 /* Main.storyboard */; };
		D42873891AFCDE8C008062C1 /* Images.xcassets in Resources */ = {isa = PBXBuildFile; fileRef = D42873881AFCDE8C008062C1 /* Images.xcassets */; };
		D428738C1AFCDE8C008062C1 /* LaunchScreen.xib in Resources */ = {isa = PBXBuildFile; fileRef = D428738A1AFCDE8C008062C1 /* LaunchScreen.xib */; };
		D42873981AFCDE8C008062C1 /* PalmRunnerTests.swift in Sources */ = {isa = PBXBuildFile; fileRef = D42873971AFCDE8C008062C1 /* PalmRunnerTests.swift */; };
		D42873A21AFCE47A008062C1 /* Run.swift in Sources */ = {isa = PBXBuildFile; fileRef = D42873A11AFCE47A008062C1 /* Run.swift */; };
		D42873A41AFCE47B008062C1 /* Location.swift in Sources */ = {isa = PBXBuildFile; fileRef = D42873A31AFCE47B008062C1 /* Location.swift */; };
		D42873A61AFCE4EC008062C1 /* MapKit.framework in Frameworks */ = {isa = PBXBuildFile; fileRef = D42873A51AFCE4EC008062C1 /* MapKit.framework */; };
		D42873A81AFE0955008062C1 /* HomeViewController.swift in Sources */ = {isa = PBXBuildFile; fileRef = D42873A71AFE0955008062C1 /* HomeViewController.swift */; };
		D42873AA1AFE0D5B008062C1 /* NewRunViewController.swift in Sources */ = {isa = PBXBuildFile; fileRef = D42873A91AFE0D5B008062C1 /* NewRunViewController.swift */; };
		D42873AC1AFF0670008062C1 /* MathController.swift in Sources */ = {isa = PBXBuildFile; fileRef = D42873AB1AFF0670008062C1 /* MathController.swift */; };
/* End PBXBuildFile section */

/* Begin PBXContainerItemProxy section */
		D42873921AFCDE8C008062C1 /* PBXContainerItemProxy */ = {
			isa = PBXContainerItemProxy;
			containerPortal = D428736F1AFCDE8C008062C1 /* Project object */;
			proxyType = 1;
			remoteGlobalIDString = D42873761AFCDE8C008062C1;
			remoteInfo = PalmRunner;
		};
/* End PBXContainerItemProxy section */

/* Begin PBXFileReference section */
		D42873771AFCDE8C008062C1 /* PalmRunner.app */ = {isa = PBXFileReference; explicitFileType = wrapper.application; includeInIndex = 0; path = PalmRunner.app; sourceTree = BUILT_PRODUCTS_DIR; };
		D428737B1AFCDE8C008062C1 /* Info.plist */ = {isa = PBXFileReference; lastKnownFileType = text.plist.xml; path = Info.plist; sourceTree = "<group>"; };
		D428737C1AFCDE8C008062C1 /* AppDelegate.swift */ = {isa = PBXFileReference; lastKnownFileType = sourcecode.swift; path = AppDelegate.swift; sourceTree = "<group>"; };
		D428737F1AFCDE8C008062C1 /* PalmRunner.xcdatamodel */ = {isa = PBXFileReference; lastKnownFileType = wrapper.xcdatamodel; path = PalmRunner.xcdatamodel; sourceTree = "<group>"; };
		D42873831AFCDE8C008062C1 /* DetailViewController.swift */ = {isa = PBXFileReference; lastKnownFileType = sourcecode.swift; path = DetailViewController.swift; sourceTree = "<group>"; };
		D42873861AFCDE8C008062C1 /* Base */ = {isa = PBXFileReference; lastKnownFileType = file.storyboard; name = Base; path = Base.lproj/Main.storyboard; sourceTree = "<group>"; };
		D42873881AFCDE8C008062C1 /* Images.xcassets */ = {isa = PBXFileReference; lastKnownFileType = folder.assetcatalog; path = Images.xcassets; sourceTree = "<group>"; };
		D428738B1AFCDE8C008062C1 /* Base */ = {isa = PBXFileReference; lastKnownFileType = file.xib; name = Base; path = Base.lproj/LaunchScreen.xib; sourceTree = "<group>"; };
		D42873911AFCDE8C008062C1 /* PalmRunnerTests.xctest */ = {isa = PBXFileReference; explicitFileType = wrapper.cfbundle; includeInIndex = 0; path = PalmRunnerTests.xctest; sourceTree = BUILT_PRODUCTS_DIR; };
		D42873961AFCDE8C008062C1 /* Info.plist */ = {isa = PBXFileReference; lastKnownFileType = text.plist.xml; path = Info.plist; sourceTree = "<group>"; };
		D42873971AFCDE8C008062C1 /* PalmRunnerTests.swift */ = {isa = PBXFileReference; lastKnownFileType = sourcecode.swift; path = PalmRunnerTests.swift; sourceTree = "<group>"; };
		D42873A11AFCE47A008062C1 /* Run.swift */ = {isa = PBXFileReference; fileEncoding = 4; lastKnownFileType = sourcecode.swift; path = Run.swift; sourceTree = "<group>"; };
		D42873A31AFCE47B008062C1 /* Location.swift */ = {isa = PBXFileReference; fileEncoding = 4; lastKnownFileType = sourcecode.swift; path = Location.swift; sourceTree = "<group>"; };
		D42873A51AFCE4EC008062C1 /* MapKit.framework */ = {isa = PBXFileReference; lastKnownFileType = wrapper.framework; name = MapKit.framework; path = System/Library/Frameworks/MapKit.framework; sourceTree = SDKROOT; };
		D42873A71AFE0955008062C1 /* HomeViewController.swift */ = {isa = PBXFileReference; fileEncoding = 4; lastKnownFileType = sourcecode.swift; path = HomeViewController.swift; sourceTree = "<group>"; };
		D42873A91AFE0D5B008062C1 /* NewRunViewController.swift */ = {isa = PBXFileReference; fileEncoding = 4; lastKnownFileType = sourcecode.swift; path = NewRunViewController.swift; sourceTree = "<group>"; };
		D42873AB1AFF0670008062C1 /* MathController.swift */ = {isa = PBXFileReference; fileEncoding = 4; lastKnownFileType = sourcecode.swift; path = MathController.swift; sourceTree = "<group>"; };
/* End PBXFileReference section */

/* Begin PBXFrameworksBuildPhase section */
		D42873741AFCDE8C008062C1 /* Frameworks */ = {
			isa = PBXFrameworksBuildPhase;
			buildActionMask = 2147483647;
			files = (
				D42873A61AFCE4EC008062C1 /* MapKit.framework in Frameworks */,
			);
			runOnlyForDeploymentPostprocessing = 0;
		};
		D428738E1AFCDE8C008062C1 /* Frameworks */ = {
			isa = PBXFrameworksBuildPhase;
			buildActionMask = 2147483647;
			files = (
			);
			runOnlyForDeploymentPostprocessing = 0;
		};
/* End PBXFrameworksBuildPhase section */

/* Begin PBXGroup section */
		D428736E1AFCDE8C008062C1 = {
			isa = PBXGroup;
			children = (
				D42873A51AFCE4EC008062C1 /* MapKit.framework */,
				D42873791AFCDE8C008062C1 /* PalmRunner */,
				D42873941AFCDE8C008062C1 /* PalmRunnerTests */,
				D42873781AFCDE8C008062C1 /* Products */,
			);
			sourceTree = "<group>";
		};
		D42873781AFCDE8C008062C1 /* Products */ = {
			isa = PBXGroup;
			children = (
				D42873771AFCDE8C008062C1 /* PalmRunner.app */,
				D42873911AFCDE8C008062C1 /* PalmRunnerTests.xctest */,
			);
			name = Products;
			sourceTree = "<group>";
		};
		D42873791AFCDE8C008062C1 /* PalmRunner */ = {
			isa = PBXGroup;
			children = (
				D428737C1AFCDE8C008062C1 /* AppDelegate.swift */,
				D42873A91AFE0D5B008062C1 /* NewRunViewController.swift */,
				D42873AB1AFF0670008062C1 /* MathController.swift */,
				D42873A71AFE0955008062C1 /* HomeViewController.swift */,
				D42873A31AFCE47B008062C1 /* Location.swift */,
				D42873A11AFCE47A008062C1 /* Run.swift */,
				D42873831AFCDE8C008062C1 /* DetailViewController.swift */,
				D42873851AFCDE8C008062C1 /* Main.storyboard */,
				D42873881AFCDE8C008062C1 /* Images.xcassets */,
				D428738A1AFCDE8C008062C1 /* LaunchScreen.xib */,
				D428737E1AFCDE8C008062C1 /* PalmRunner.xcdatamodeld */,
				D428737A1AFCDE8C008062C1 /* Supporting Files */,
			);
			path = PalmRunner;
			sourceTree = "<group>";
		};
		D428737A1AFCDE8C008062C1 /* Supporting Files */ = {
			isa = PBXGroup;
			children = (
				D428737B1AFCDE8C008062C1 /* Info.plist */,
			);
			name = "Supporting Files";
			sourceTree = "<group>";
		};
		D42873941AFCDE8C008062C1 /* PalmRunnerTests */ = {
			isa = PBXGroup;
			children = (
				D42873971AFCDE8C008062C1 /* PalmRunnerTests.swift */,
				D42873951AFCDE8C008062C1 /* Supporting Files */,
			);
			path = PalmRunnerTests;
			sourceTree = "<group>";
		};
		D42873951AFCDE8C008062C1 /* Supporting Files */ = {
			isa = PBXGroup;
			children = (
				D42873961AFCDE8C008062C1 /* Info.plist */,
			);
			name = "Supporting Files";
			sourceTree = "<group>";
		};
/* End PBXGroup section */

/* Begin PBXNativeTarget section */
		D42873761AFCDE8C008062C1 /* PalmRunner */ = {
			isa = PBXNativeTarget;
			buildConfigurationList = D428739B1AFCDE8C008062C1 /* Build configuration list for PBXNativeTarget "PalmRunner" */;
			buildPhases = (
				D42873731AFCDE8C008062C1 /* Sources */,
				D42873741AFCDE8C008062C1 /* Frameworks */,
				D42873751AFCDE8C008062C1 /* Resources */,
			);
			buildRules = (
			);
			dependencies = (
			);
			name = PalmRunner;
			productName = PalmRunner;
			productReference = D42873771AFCDE8C008062C1 /* PalmRunner.app */;
			productType = "com.apple.product-type.application";
		};
		D42873901AFCDE8C008062C1 /* PalmRunnerTests */ = {
			isa = PBXNativeTarget;
			buildConfigurationList = D428739E1AFCDE8C008062C1 /* Build configuration list for PBXNativeTarget "PalmRunnerTests" */;
			buildPhases = (
				D428738D1AFCDE8C008062C1 /* Sources */,
				D428738E1AFCDE8C008062C1 /* Frameworks */,
				D428738F1AFCDE8C008062C1 /* Resources */,
			);
			buildRules = (
			);
			dependencies = (
				D42873931AFCDE8C008062C1 /* PBXTargetDependency */,
			);
			name = PalmRunnerTests;
			productName = PalmRunnerTests;
			productReference = D42873911AFCDE8C008062C1 /* PalmRunnerTests.xctest */;
			productType = "com.apple.product-type.bundle.unit-test";
		};
/* End PBXNativeTarget section */

/* Begin PBXProject section */
		D428736F1AFCDE8C008062C1 /* Project object */ = {
			isa = PBXProject;
			attributes = {
				LastSwiftUpdateCheck = 0700;
				LastUpgradeCheck = 0630;
				ORGANIZATIONNAME = "rm-3d.com";
				TargetAttributes = {
					D42873761AFCDE8C008062C1 = {
						CreatedOnToolsVersion = 6.3.1;
						SystemCapabilities = {
							com.apple.BackgroundModes = {
								enabled = 1;
							};
						};
					};
					D42873901AFCDE8C008062C1 = {
						CreatedOnToolsVersion = 6.3.1;
						TestTargetID = D42873761AFCDE8C008062C1;
					};
				};
			};
			buildConfigurationList = D42873721AFCDE8C008062C1 /* Build configuration list for PBXProject "PalmRunner" */;
			compatibilityVersion = "Xcode 3.2";
			developmentRegion = English;
			hasScannedForEncodings = 0;
			knownRegions = (
				en,
				Base,
			);
			mainGroup = D428736E1AFCDE8C008062C1;
			productRefGroup = D42873781AFCDE8C008062C1 /* Products */;
			projectDirPath = "";
			projectRoot = "";
			targets = (
				D42873761AFCDE8C008062C1 /* PalmRunner */,
				D42873901AFCDE8C008062C1 /* PalmRunnerTests */,
			);
		};
/* End PBXProject section */

/* Begin PBXResourcesBuildPhase section */
		D42873751AFCDE8C008062C1 /* Resources */ = {
			isa = PBXResourcesBuildPhase;
			buildActionMask = 2147483647;
			files = (
				D42873871AFCDE8C008062C1 /* Main.storyboard in Resources */,
				D428738C1AFCDE8C008062C1 /* LaunchScreen.xib in Resources */,
				D42873891AFCDE8C008062C1 /* Images.xcassets in Resources */,
			);
			runOnlyForDeploymentPostprocessing = 0;
		};
		D428738F1AFCDE8C008062C1 /* Resources */ = {
			isa = PBXResourcesBuildPhase;
			buildActionMask = 2147483647;
			files = (
			);
			runOnlyForDeploymentPostprocessing = 0;
		};
/* End PBXResourcesBuildPhase section */

/* Begin PBXSourcesBuildPhase section */
		D42873731AFCDE8C008062C1 /* Sources */ = {
			isa = PBXSourcesBuildPhase;
			buildActionMask = 2147483647;
			files = (
				D42873AA1AFE0D5B008062C1 /* NewRunViewController.swift in Sources */,
				D428737D1AFCDE8C008062C1 /* AppDelegate.swift in Sources */,
				D42873801AFCDE8C008062C1 /* PalmRunner.xcdatamodeld in Sources */,
				D42873A21AFCE47A008062C1 /* Run.swift in Sources */,
				D42873A41AFCE47B008062C1 /* Location.swift in Sources */,
				D42873AC1AFF0670008062C1 /* MathController.swift in Sources */,
				D42873841AFCDE8C008062C1 /* DetailViewController.swift in Sources */,
				D42873A81AFE0955008062C1 /* HomeViewController.swift in Sources */,
			);
			runOnlyForDeploymentPostprocessing = 0;
		};
		D428738D1AFCDE8C008062C1 /* Sources */ = {
			isa = PBXSourcesBuildPhase;
			buildActionMask = 2147483647;
			files = (
				D42873981AFCDE8C008062C1 /* PalmRunnerTests.swift in Sources */,
			);
			runOnlyForDeploymentPostprocessing = 0;
		};
/* End PBXSourcesBuildPhase section */

/* Begin PBXTargetDependency section */
		D42873931AFCDE8C008062C1 /* PBXTargetDependency */ = {
			isa = PBXTargetDependency;
			target = D42873761AFCDE8C008062C1 /* PalmRunner */;
			targetProxy = D42873921AFCDE8C008062C1 /* PBXContainerItemProxy */;
		};
/* End PBXTargetDependency section */

/* Begin PBXVariantGroup section */
		D42873851AFCDE8C008062C1 /* Main.storyboard */ = {
			isa = PBXVariantGroup;
			children = (
				D42873861AFCDE8C008062C1 /* Base */,
			);
			name = Main.storyboard;
			sourceTree = "<group>";
		};
		D428738A1AFCDE8C008062C1 /* LaunchScreen.xib */ = {
			isa = PBXVariantGroup;
			children = (
				D428738B1AFCDE8C008062C1 /* Base */,
			);
			name = LaunchScreen.xib;
			sourceTree = "<group>";
		};
/* End PBXVariantGroup section */

/* Begin XCBuildConfiguration section */
		D42873991AFCDE8C008062C1 /* Debug */ = {
			isa = XCBuildConfiguration;
			buildSettings = {
				ALWAYS_SEARCH_USER_PATHS = NO;
				CLANG_CXX_LANGUAGE_STANDARD = "gnu++0x";
				CLANG_CXX_LIBRARY = "libc++";
				CLANG_ENABLE_MODULES = YES;
				CLANG_ENABLE_OBJC_ARC = YES;
				CLANG_WARN_BOOL_CONVERSION = YES;
				CLANG_WARN_CONSTANT_CONVERSION = YES;
				CLANG_WARN_DIRECT_OBJC_ISA_USAGE = YES_ERROR;
				CLANG_WARN_EMPTY_BODY = YES;
				CLANG_WARN_ENUM_CONVERSION = YES;
				CLANG_WARN_INT_CONVERSION = YES;
				CLANG_WARN_OBJC_ROOT_CLASS = YES_ERROR;
				CLANG_WARN_UNREACHABLE_CODE = YES;
				CLANG_WARN__DUPLICATE_METHOD_MATCH = YES;
				"CODE_SIGN_IDENTITY[sdk=iphoneos*]" = "iPhone Developer";
				COPY_PHASE_STRIP = NO;
				DEBUG_INFORMATION_FORMAT = "dwarf-with-dsym";
				ENABLE_STRICT_OBJC_MSGSEND = YES;
				GCC_C_LANGUAGE_STANDARD = gnu99;
				GCC_DYNAMIC_NO_PIC = NO;
				GCC_NO_COMMON_BLOCKS = YES;
				GCC_OPTIMIZATION_LEVEL = 0;
				GCC_PREPROCESSOR_DEFINITIONS = (
					"DEBUG=1",
					"$(inherited)",
				);
				GCC_SYMBOLS_PRIVATE_EXTERN = NO;
				GCC_WARN_64_TO_32_BIT_CONVERSION = YES;
				GCC_WARN_ABOUT_RETURN_TYPE = YES_ERROR;
				GCC_WARN_UNDECLARED_SELECTOR = YES;
				GCC_WARN_UNINITIALIZED_AUTOS = YES_AGGRESSIVE;
				GCC_WARN_UNUSED_FUNCTION = YES;
				GCC_WARN_UNUSED_VARIABLE = YES;
				IPHONEOS_DEPLOYMENT_TARGET = 8.3;
				MTL_ENABLE_DEBUG_INFO = YES;
				ONLY_ACTIVE_ARCH = YES;
				SDKROOT = iphoneos;
				SWIFT_OPTIMIZATION_LEVEL = "-Onone";
			};
			name = Debug;
		};
		D428739A1AFCDE8C008062C1 /* Release */ = {
			isa = XCBuildConfiguration;
			buildSettings = {
				ALWAYS_SEARCH_USER_PATHS = NO;
				CLANG_CXX_LANGUAGE_STANDARD = "gnu++0x";
				CLANG_CXX_LIBRARY = "libc++";
				CLANG_ENABLE_MODULES = YES;
				CLANG_ENABLE_OBJC_ARC = YES;
				CLANG_WARN_BOOL_CONVERSION = YES;
				CLANG_WARN_CONSTANT_CONVERSION = YES;
				CLANG_WARN_DIRECT_OBJC_ISA_USAGE = YES_ERROR;
				CLANG_WARN_EMPTY_BODY = YES;
				CLANG_WARN_ENUM_CONVERSION = YES;
				CLANG_WARN_INT_CONVERSION = YES;
				CLANG_WARN_OBJC_ROOT_CLASS = YES_ERROR;
				CLANG_WARN_UNREACHABLE_CODE = YES;
				CLANG_WARN__DUPLICATE_METHOD_MATCH = YES;
				"CODE_SIGN_IDENTITY[sdk=iphoneos*]" = "iPhone Developer";
				COPY_PHASE_STRIP = NO;
				DEBUG_INFORMATION_FORMAT = "dwarf-with-dsym";
				ENABLE_NS_ASSERTIONS = NO;
				ENABLE_STRICT_OBJC_MSGSEND = YES;
				GCC_C_LANGUAGE_STANDARD = gnu99;
				GCC_NO_COMMON_BLOCKS = YES;
				GCC_WARN_64_TO_32_BIT_CONVERSION = YES;
				GCC_WARN_ABOUT_RETURN_TYPE = YES_ERROR;
				GCC_WARN_UNDECLARED_SELECTOR = YES;
				GCC_WARN_UNINITIALIZED_AUTOS = YES_AGGRESSIVE;
				GCC_WARN_UNUSED_FUNCTION = YES;
				GCC_WARN_UNUSED_VARIABLE = YES;
				IPHONEOS_DEPLOYMENT_TARGET = 8.3;
				MTL_ENABLE_DEBUG_INFO = NO;
				SDKROOT = iphoneos;
				VALIDATE_PRODUCT = YES;
			};
			name = Release;
		};
		D428739C1AFCDE8C008062C1 /* Debug */ = {
			isa = XCBuildConfiguration;
			buildSettings = {
				ASSETCATALOG_COMPILER_APPICON_NAME = AppIcon;
				INFOPLIST_FILE = PalmRunner/Info.plist;
				LD_RUNPATH_SEARCH_PATHS = "$(inherited) @executable_path/Frameworks";
				PRODUCT_NAME = "$(TARGET_NAME)";
			};
			name = Debug;
		};
		D428739D1AFCDE8C008062C1 /* Release */ = {
			isa = XCBuildConfiguration;
			buildSettings = {
				ASSETCATALOG_COMPILER_APPICON_NAME = AppIcon;
				INFOPLIST_FILE = PalmRunner/Info.plist;
				LD_RUNPATH_SEARCH_PATHS = "$(inherited) @executable_path/Frameworks";
				PRODUCT_NAME = "$(TARGET_NAME)";
			};
			name = Release;
		};
		D428739F1AFCDE8C008062C1 /* Debug */ = {
			isa = XCBuildConfiguration;
			buildSettings = {
				BUNDLE_LOADER = "$(TEST_HOST)";
				FRAMEWORK_SEARCH_PATHS = (
					"$(SDKROOT)/Developer/Library/Frameworks",
					"$(inherited)",
				);
				GCC_PREPROCESSOR_DEFINITIONS = (
					"DEBUG=1",
					"$(inherited)",
				);
				INFOPLIST_FILE = PalmRunnerTests/Info.plist;
				LD_RUNPATH_SEARCH_PATHS = "$(inherited) @executable_path/Frameworks @loader_path/Frameworks";
				PRODUCT_NAME = "$(TARGET_NAME)";
				TEST_HOST = "$(BUILT_PRODUCTS_DIR)/PalmRunner.app/PalmRunner";
			};
			name = Debug;
		};
		D42873A01AFCDE8C008062C1 /* Release */ = {
			isa = XCBuildConfiguration;
			buildSettings = {
				BUNDLE_LOADER = "$(TEST_HOST)";
				FRAMEWORK_SEARCH_PATHS = (
					"$(SDKROOT)/Developer/Library/Frameworks",
					"$(inherited)",
				);
				INFOPLIST_FILE = PalmRunnerTests/Info.plist;
				LD_RUNPATH_SEARCH_PATHS = "$(inherited) @executable_path/Frameworks @loader_path/Frameworks";
				PRODUCT_NAME = "$(TARGET_NAME)";
				TEST_HOST = "$(BUILT_PRODUCTS_DIR)/PalmRunner.app/PalmRunner";
			};
			name = Release;
		};
/* End XCBuildConfiguration section */

/* Begin XCConfigurationList section */
		D42873721AFCDE8C008062C1 /* Build configuration list for PBXProject "PalmRunner" */ = {
			isa = XCConfigurationList;
			buildConfigurations = (
				D42873991AFCDE8C008062C1 /* Debug */,
				D428739A1AFCDE8C008062C1 /* Release */,
			);
			defaultConfigurationIsVisible = 0;
			defaultConfigurationName = Release;
		};
		D428739B1AFCDE8C008062C1 /* Build configuration list for PBXNativeTarget "PalmRunner" */ = {
			isa = XCConfigurationList;
			buildConfigurations = (
				D428739C1AFCDE8C008062C1 /* Debug */,
				D428739D1AFCDE8C008062C1 /* Release */,
			);
			defaultConfigurationIsVisible = 0;
			defaultConfigurationName = Release;
		};
		D428739E1AFCDE8C008062C1 /* Build configuration list for PBXNativeTarget "PalmRunnerTests" */ = {
			isa = XCConfigurationList;
			buildConfigurations = (
				D428739F1AFCDE8C008062C1 /* Debug */,
				D42873A01AFCDE8C008062C1 /* Release */,
			);
			defaultConfigurationIsVisible = 0;
			defaultConfigurationName = Release;
		};
/* End XCConfigurationList section */

/* Begin XCVersionGroup section */
		D428737E1AFCDE8C008062C1 /* PalmRunner.xcdatamodeld */ = {
			isa = XCVersionGroup;
			children = (
				D428737F1AFCDE8C008062C1 /* PalmRunner.xcdatamodel */,
			);
			currentVersion = D428737F1AFCDE8C008062C1 /* PalmRunner.xcdatamodel */;
			path = PalmRunner.xcdatamodeld;
			sourceTree = "<group>";
			versionGroupType = wrapper.xcdatamodel;
		};
/* End XCVersionGroup section */
	};
	rootObject = D428736F1AFCDE8C008062C1 /* Project object */;
}
